
Microsoft Visual Studio Solution File, Format Version 12.00
# Visual Studio 15
VisualStudioVersion = 15.0.27004.2002
MinimumVisualStudioVersion = 10.0.40219.1
Project("{FAE04EC0-301F-11D3-BF4B-00C04F79EFBC}") = "UnderRule.FrontEnd", "UnderRule\UnderRule.FrontEnd.csproj", "{B575F187-F3ED-43D7-B4D5-4C4121890C5A}"
EndProject
Project("{E53339B2-1760-4266-BCC7-CA923CBCF16C}") = "docker-compose", "docker-compose.dcproj", "{D769F2EF-1D71-4B78-9B74-92AA57E4FF4E}"
EndProject
Global
	GlobalSection(SolutionConfigurationPlatforms) = preSolution
		Debug|Any CPU = Debug|Any CPU
		Release|Any CPU = Release|Any CPU
	EndGlobalSection
	GlobalSection(ProjectConfigurationPlatforms) = postSolution
		{B575F187-F3ED-43D7-B4D5-4C4121890C5A}.Debug|Any CPU.ActiveCfg = Debug|Any CPU
		{B575F187-F3ED-43D7-B4D5-4C4121890C5A}.Debug|Any CPU.Build.0 = Debug|Any CPU
		{B575F187-F3ED-43D7-B4D5-4C4121890C5A}.Release|Any CPU.ActiveCfg = Release|Any CPU
		{B575F187-F3ED-43D7-B4D5-4C4121890C5A}.Release|Any CPU.Build.0 = Release|Any CPU
		{D769F2EF-1D71-4B78-9B74-92AA57E4FF4E}.Debug|Any CPU.ActiveCfg = Debug|Any CPU
		{D769F2EF-1D71-4B78-9B74-92AA57E4FF4E}.Debug|Any CPU.Build.0 = Debug|Any CPU
		{D769F2EF-1D71-4B78-9B74-92AA57E4FF4E}.Release|Any CPU.ActiveCfg = Release|Any CPU
		{D769F2EF-1D71-4B78-9B74-92AA57E4FF4E}.Release|Any CPU.Build.0 = Release|Any CPU
	EndGlobalSection
	GlobalSection(SolutionProperties) = preSolution
		HideSolutionNode = FALSE
	EndGlobalSection
	GlobalSection(ExtensibilityGlobals) = postSolution
		SolutionGuid = {ABF05A27-BCEC-475F-8294-02DCDB6B06C4}
	EndGlobalSection
EndGlobal
