
Microsoft Visual Studio Solution File, Format Version 12.00
# Visual Studio 15
VisualStudioVersion = 15.0.27004.2002
MinimumVisualStudioVersion = 10.0.40219.1
Project("{FAE04EC0-301F-11D3-BF4B-00C04F79EFBC}") = "UnderRule.FrontEnd", "UnderRule.FrontEnd\UnderRule.FrontEnd.csproj", "{C35C4452-B367-4415-9D2A-4B99A9D998F9}"
EndProject
Project("{E53339B2-1760-4266-BCC7-CA923CBCF16C}") = "docker-compose", "docker-compose.dcproj", "{06762343-D75E-4BCA-902C-38A9491B32C3}"
EndProject
Project("{9A19103F-16F7-4668-BE54-9A1E7A4F7556}") = "UnderRule.Authentication", "UnderRule.Authentication\UnderRule.Authentication.csproj", "{A46B79E9-5A66-46EF-AEB3-3837DDAA5554}"
EndProject
Global
	GlobalSection(SolutionConfigurationPlatforms) = preSolution
		Debug|Any CPU = Debug|Any CPU
		Release|Any CPU = Release|Any CPU
	EndGlobalSection
	GlobalSection(ProjectConfigurationPlatforms) = postSolution
		{C35C4452-B367-4415-9D2A-4B99A9D998F9}.Debug|Any CPU.ActiveCfg = Debug|Any CPU
		{C35C4452-B367-4415-9D2A-4B99A9D998F9}.Debug|Any CPU.Build.0 = Debug|Any CPU
		{C35C4452-B367-4415-9D2A-4B99A9D998F9}.Release|Any CPU.ActiveCfg = Release|Any CPU
		{C35C4452-B367-4415-9D2A-4B99A9D998F9}.Release|Any CPU.Build.0 = Release|Any CPU
		{06762343-D75E-4BCA-902C-38A9491B32C3}.Debug|Any CPU.ActiveCfg = Debug|Any CPU
		{06762343-D75E-4BCA-902C-38A9491B32C3}.Debug|Any CPU.Build.0 = Debug|Any CPU
		{06762343-D75E-4BCA-902C-38A9491B32C3}.Release|Any CPU.ActiveCfg = Release|Any CPU
		{06762343-D75E-4BCA-902C-38A9491B32C3}.Release|Any CPU.Build.0 = Release|Any CPU
		{A46B79E9-5A66-46EF-AEB3-3837DDAA5554}.Debug|Any CPU.ActiveCfg = Debug|Any CPU
		{A46B79E9-5A66-46EF-AEB3-3837DDAA5554}.Debug|Any CPU.Build.0 = Debug|Any CPU
		{A46B79E9-5A66-46EF-AEB3-3837DDAA5554}.Release|Any CPU.ActiveCfg = Release|Any CPU
		{A46B79E9-5A66-46EF-AEB3-3837DDAA5554}.Release|Any CPU.Build.0 = Release|Any CPU
	EndGlobalSection
	GlobalSection(SolutionProperties) = preSolution
		HideSolutionNode = FALSE
	EndGlobalSection
	GlobalSection(ExtensibilityGlobals) = postSolution
		SolutionGuid = {EC96CBD0-BA7F-4B80-98A7-D8D070F64AAA}
	EndGlobalSection
EndGlobal
