
Microsoft Visual Studio Solution File, Format Version 12.00
# Visual Studio 15
VisualStudioVersion = 15.0.27130.2027
MinimumVisualStudioVersion = 10.0.40219.1
Project("{9A19103F-16F7-4668-BE54-9A1E7A4F7556}") = "UnderRule.Authentication", "UnderRule.Authentication\UnderRule.Authentication.csproj", "{39936646-083F-4919-A594-0AA76C4B458A}"
EndProject
Global
	GlobalSection(SolutionConfigurationPlatforms) = preSolution
		Debug|Any CPU = Debug|Any CPU
		Release|Any CPU = Release|Any CPU
	EndGlobalSection
	GlobalSection(ProjectConfigurationPlatforms) = postSolution
		{39936646-083F-4919-A594-0AA76C4B458A}.Debug|Any CPU.ActiveCfg = Debug|Any CPU
		{39936646-083F-4919-A594-0AA76C4B458A}.Debug|Any CPU.Build.0 = Debug|Any CPU
		{39936646-083F-4919-A594-0AA76C4B458A}.Release|Any CPU.ActiveCfg = Release|Any CPU
		{39936646-083F-4919-A594-0AA76C4B458A}.Release|Any CPU.Build.0 = Release|Any CPU
	EndGlobalSection
	GlobalSection(SolutionProperties) = preSolution
		HideSolutionNode = FALSE
	EndGlobalSection
	GlobalSection(ExtensibilityGlobals) = postSolution
		SolutionGuid = {5BA5F320-FE8A-43D5-AFA9-28AF5E82C00F}
	EndGlobalSection
EndGlobal
